
Microsoft Visual Studio Solution File, Format Version 12.00
# Visual Studio Version 17
VisualStudioVersion = 17.8.34525.116
MinimumVisualStudioVersion = 10.0.40219.1
Project("{FAE04EC0-301F-11D3-BF4B-00C04F79EFBC}") = "Punto2", "Punto2.csproj", "{CCBE7B48-578F-479D-BC90-FD49065E43BB}"
EndProject
Global
	GlobalSection(SolutionConfigurationPlatforms) = preSolution
		Debug|Any CPU = Debug|Any CPU
		Release|Any CPU = Release|Any CPU
	EndGlobalSection
	GlobalSection(ProjectConfigurationPlatforms) = postSolution
		{CCBE7B48-578F-479D-BC90-FD49065E43BB}.Debug|Any CPU.ActiveCfg = Debug|Any CPU
		{CCBE7B48-578F-479D-BC90-FD49065E43BB}.Debug|Any CPU.Build.0 = Debug|Any CPU
		{CCBE7B48-578F-479D-BC90-FD49065E43BB}.Release|Any CPU.ActiveCfg = Release|Any CPU
		{CCBE7B48-578F-479D-BC90-FD49065E43BB}.Release|Any CPU.Build.0 = Release|Any CPU
	EndGlobalSection
	GlobalSection(SolutionProperties) = preSolution
		HideSolutionNode = FALSE
	EndGlobalSection
	GlobalSection(ExtensibilityGlobals) = postSolution
		SolutionGuid = {55E0BF5D-03CC-4BE1-977F-FB0D196300C0}
	EndGlobalSection
EndGlobal
